version = 1
revision = 3
requires-python = ">=3.14"

[[package]]
name = "dotenv"
version = "0.9.9"
source = { registry = "https://pypi.org/simple" }
dependencies = [
    { name = "python-dotenv" },
]
wheels = [
    { url = "https://files.pythonhosted.org/packages/b2/b7/545d2c10c1fc15e48653c91efde329a790f2eecfbbf2bd16003b5db2bab0/dotenv-0.9.9-py2.py3-none-any.whl", hash = "sha256:29cf74a087b31dafdb5a446b6d7e11cbce8ed2741540e2339c69fbef92c94ce9", size = 1892, upload-time = "2025-02-19T22:15:01.647Z" },
]

[[package]]
name = "jq"
version = "1.12.0"
source = { registry = "https://pypi.org/simple" }
sdist = { url = "https://files.pythonhosted.org/packages/95/ec/3da01457bbd3c6a2fc8fea6736c0b657ffc628e3decbfb1fafcf33dc7dbe/jq-1.12.0.tar.gz", hash = "sha256:729b2d3418c8ca7dccfaa66b9fb7a98bec28474212650d27c5c04358ce26f55c", size = 1965902, upload-time = "2026-07-10T12:36:39.214Z" }
wheels = [
    { url = "https://files.pythonhosted.org/packages/d8/4d/e7599083ceea8bfcc129d446b18f593d80021eff30fdb54eda4d4f0c9372/jq-1.12.0-cp314-cp314-macosx_10_15_x86_64.whl", hash = "sha256:2209588dc6acd473cac7e017c546ecb636851ad231e35fb7cd45415e503192e4", size = 416070, upload-time = "2026-07-10T12:35:44.808Z" },
    { url = "https://files.pythonhosted.org/packages/89/66/5a93431781558c7a0d947b24a473db146ca0c482f467b78091c0d584eb77/jq-1.12.0-cp314-cp314-macosx_11_0_arm64.whl", hash = "sha256:406cc8a9e94ee6ea83ea5b95e41a7cd5ed9d2038d50fe3a8beed4e11f8a8b661", size = 425176, upload-time = "2026-07-10T12:35:46.41Z" },
    { url = "https://files.pythonhosted.org/packages/9c/bc/a77610a09c99d6ade3e054425332727c120b0a9a933431b5cf541a35a0b2/jq-1.12.0-cp314-cp314-manylinux_2_26_aarch64.manylinux_2_28_aarch64.whl", hash = "sha256:ca19b0a295d35f9c2cc9b626961c04ab8af32e6f66b65e8bb0d0bb94d935d809", size = 748519, upload-time = "2026-07-10T12:35:47.848Z" },
    { url = "https://files.pythonhosted.org/packages/20/52/c3303aa411292160e7892e6572b89bd3a20fe65d780d005f7c92ca4ce630/jq-1.12.0-cp314-cp314-manylinux_2_26_x86_64.manylinux_2_28_x86_64.whl", hash = "sha256:4ba6d3d2632fe2c53f55cefe6b20a766a844c79a51744ecf27df1876d8b8f3f0", size = 762490, upload-time = "2026-07-10T12:35:49.558Z" },
    { url = "https://files.pythonhosted.org/packages/7f/cf/9322be5fd98de3d506623153025cd67788eede0227ef64bff19f75d010ba/jq-1.12.0-cp314-cp314-musllinux_1_2_aarch64.whl", hash = "sha256:4034a13ad245319ad13086e19f07a864b4d5b306efb3f9874c705b05d930541c", size = 737070, upload-time = "2026-07-10T12:35:51.268Z" },
    { url = "https://files.pythonhosted.org/packages/e7/b4/73b4b49491a6bbb12c6db83d951dfb9477f893df3785e11e65c625e474cf/jq-1.12.0-cp314-cp314-musllinux_1_2_x86_64.whl", hash = "sha256:0acceed1ea0d4c445d2f0fdb5f1e4c41b9897e29e3044ef14eb0387445552e37", size = 756482, upload-time = "2026-07-10T12:35:52.679Z" },
    { url = "https://files.pythonhosted.org/packages/b6/12/ed1384d55e80c01dd76d45b7fb2cd926753a75edf3156b223d7f356b214c/jq-1.12.0-cp314-cp314-win_amd64.whl", hash = "sha256:97ca6233eacc643927aa629c44d358bcf265a923637754196c37dc4e0268ba6b", size = 431151, upload-time = "2026-07-10T12:36:07.479Z" },
    { url = "https://files.pythonhosted.org/packages/5c/2e/fb9f3c34fea83b0202b059e2704df10dc8198077d7491f709cfb11f97937/jq-1.12.0-cp314-cp314t-macosx_10_15_x86_64.whl", hash = "sha256:840fcc9805a6ac1df7aa221fadb43e8702105e0c47dbb30e791d5a3aa731f810", size = 419585, upload-time = "2026-07-10T12:35:54.311Z" },
    { url = "https://files.pythonhosted.org/packages/70/cd/ab3be753214d40ba4ecea7039948bb800e16cf2d31bfdfe519ca8cc0d484/jq-1.12.0-cp314-cp314t-macosx_11_0_arm64.whl", hash = "sha256:02112ca560f90c6b1ea31829bb7777fbc5b1f1d13f78b2c6ce5cefa8233cee7e", size = 431464, upload-time = "2026-07-10T12:35:56.356Z" },
    { url = "https://files.pythonhosted.org/packages/f6/db/23369956e8521233482fb818146415e40b980b3b24cc50a04c507b712c26/jq-1.12.0-cp314-cp314t-manylinux_2_26_aarch64.manylinux_2_28_aarch64.whl", hash = "sha256:97eb829997e96d079190729df23e6763b86cdbf260c8ceb0b3e0828996a66731", size = 780015, upload-time = "2026-07-10T12:35:58.048Z" },
    { url = "https://files.pythonhosted.org/packages/24/3e/9d46758527dd5d27098fd27bd50a040e40e0b2c19cce3fc4fa96ac8e75f5/jq-1.12.0-cp314-cp314t-manylinux_2_26_x86_64.manylinux_2_28_x86_64.whl", hash = "sha256:60077506b0e5a68a821dcc237564adbf65b3f50d146b166e844d4a150f069222", size = 776275, upload-time = "2026-07-10T12:35:59.855Z" },
    { url = "https://files.pythonhosted.org/packages/c3/e4/f645c4dc5042f0de7473665d510040d702c079e3a40f9227d04e478d9c16/jq-1.12.0-cp314-cp314t-musllinux_1_2_aarch64.whl", hash = "sha256:1dff708ccf14b425b733bf2b94398d95d2c697ace7678cf4e332fafb78e037f8", size = 759497, upload-time = "2026-07-10T12:36:01.572Z" },
    { url = "https://files.pythonhosted.org/packages/f0/95/31ace4332bd17ee6a96f0b8323d7a24dd2164d1663049b78f8d2465e7281/jq-1.12.0-cp314-cp314t-musllinux_1_2_x86_64.whl", hash = "sha256:7cf775589ad923609c3833668880712da44bf01d06508622aef6c47b67c05f98", size = 767868, upload-time = "2026-07-10T12:36:03.34Z" },
    { url = "https://files.pythonhosted.org/packages/2e/55/925c4df48f6e1a06cebe64007b98dc0bbdca227f22100279b1031aa928ff/jq-1.12.0-cp314-cp314t-win_amd64.whl", hash = "sha256:de7aa00e1328fc3838dcccb9633035a7ea5fc7f716215941c517fead55f94695", size = 432114, upload-time = "2026-07-10T12:36:05.675Z" },
]

[[package]]
name = "markdown-it-py"
version = "4.2.0"
source = { registry = "https://pypi.org/simple" }
dependencies = [
    { name = "mdurl" },
]
sdist = { url = "https://files.pythonhosted.org/packages/06/ff/7841249c247aa650a76b9ee4bbaeae59370dc8bfd2f6c01f3630c35eb134/markdown_it_py-4.2.0.tar.gz", hash = "sha256:04a21681d6fbb623de53f6f364d352309d4094dd4194040a10fd51833e418d49", size = 82454, upload-time = "2026-05-07T12:08:28.36Z" }
wheels = [
    { url = "https://files.pythonhosted.org/packages/b3/81/4da04ced5a082363ecfa159c010d200ecbd959ae410c10c0264a38cac0f5/markdown_it_py-4.2.0-py3-none-any.whl", hash = "sha256:9f7ebbcd14fe59494226453aed97c1070d83f8d24b6fc3a3bcf9a38092641c4a", size = 91687, upload-time = "2026-05-07T12:08:27.182Z" },
]

[[package]]
name = "mdurl"
version = "0.1.2"
source = { registry = "https://pypi.org/simple" }
sdist = { url = "https://files.pythonhosted.org/packages/d6/54/cfe61301667036ec958cb99bd3efefba235e65cdeb9c84d24a8293ba1d90/mdurl-0.1.2.tar.gz", hash = "sha256:bb413d29f5eea38f31dd4754dd7377d4465116fb207585f97bf925588687c1ba", size = 8729, upload-time = "2022-08-14T12:40:10.846Z" }
wheels = [
    { url = "https://files.pythonhosted.org/packages/b3/38/89ba8ad64ae25be8de66a6d463314cf1eb366222074cfda9ee839c56a4b4/mdurl-0.1.2-py3-none-any.whl", hash = "sha256:84008a41e51615a49fc9966191ff91509e3c40b939176e643fd50a5c2196b8f8", size = 9979, upload-time = "2022-08-14T12:40:09.779Z" },
]

[[package]]
name = "pygments"
version = "2.21.0"
source = { registry = "https://pypi.org/simple" }
sdist = { url = "https://files.pythonhosted.org/packages/49/2e/ced460408999b33da6b31b0021b0f37d329e202d4169aeb164493778f25b/pygments-2.21.0.tar.gz", hash = "sha256:610ca751c9bc2492b38eb9a38a7fbc93edbbb2d7182edaf34e66ae493dee5c8c", size = 5005329, upload-time = "2026-08-17T08:02:48.824Z" }
wheels = [
    { url = "https://files.pythonhosted.org/packages/71/46/17f022dd3e953bf20a04a028a21ec746d942f8d2af30fa0f124fa0e6a684/pygments-2.21.0-py3-none-any.whl", hash = "sha256:2363c69b61c4a97c838da3b130dcd6468f4848992b21a82f2a63ec34377137d9", size = 1250147, upload-time = "2026-08-17T08:02:44.912Z" },
]

[[package]]
name = "python-dotenv"
version = "1.2.3"
source = { registry = "https://pypi.org/simple" }
sdist = { url = "https://files.pythonhosted.org/packages/6a/53/ed9d74092561d4b01a2ef1349d52cdbc135e526c245f366b089cfca6de49/python_dotenv-1.2.3.tar.gz", hash = "sha256:a20a594dabeaa385725aa239d5244871c143ecb356add8a20fcf23773a6c3a35", size = 58945, upload-time = "2026-08-16T16:54:54.067Z" }
wheels = [
    { url = "https://files.pythonhosted.org/packages/0d/17/c5c6b53ddc18f297992099b3d9ec16c855c0ccc83263a21fe4d1c625ec6c/python_dotenv-1.2.3-py3-none-any.whl", hash = "sha256:904552145e8bfed22162c09dab1c2b9b54fefa7b23ba780f4f26ca0316b0f0d9", size = 22780, upload-time = "2026-08-16T16:54:52.473Z" },
]

[[package]]
name = "rich"
version = "15.0.0"
source = { registry = "https://pypi.org/simple" }
dependencies = [
    { name = "markdown-it-py" },
    { name = "pygments" },
]
sdist = { url = "https://files.pythonhosted.org/packages/c0/8f/0722ca900cc807c13a6a0c696dacf35430f72e0ec571c4275d2371fca3e9/rich-15.0.0.tar.gz", hash = "sha256:edd07a4824c6b40189fb7ac9bc4c52536e9780fbbfbddf6f1e2502c31b068c36", size = 230680, upload-time = "2026-04-12T08:24:00.75Z" }
wheels = [
    { url = "https://files.pythonhosted.org/packages/82/3b/64d4899d73f91ba49a8c18a8ff3f0ea8f1c1d75481760df8c68ef5235bf5/rich-15.0.0-py3-none-any.whl", hash = "sha256:33bd4ef74232fb73fe9279a257718407f169c09b78a87ad3d296f548e27de0bb", size = 310654, upload-time = "2026-04-12T08:24:02.83Z" },
]

[[package]]
name = "tailscale-monitor"
version = "0.1.0"
source = { editable = "." }
dependencies = [
    { name = "dotenv" },
    { name = "jq" },
    { name = "rich" },
]

[package.metadata]
requires-dist = [
    { name = "dotenv", specifier = ">=0.9.9" },
    { name = "jq", specifier = ">=1.12.0" },
    { name = "rich", specifier = ">=15.0.0" },
]
